
Microsoft Visual Studio Solution File, Format Version 12.00
# Visual Studio 14
VisualStudioVersion = 14.0.25420.1
MinimumVisualStudioVersion = 10.0.40219.1
Project("{FAE04EC0-301F-11D3-BF4B-00C04F79EFBC}") = "FeedbackControls", "FeedbackControls\FeedbackControls.csproj", "{7D50471B-721D-491C-9E35-F905E1C3861A}"
EndProject
Project("{FAE04EC0-301F-11D3-BF4B-00C04F79EFBC}") = "WindowLaunchTest", "WindowLaunchTest\WindowLaunchTest.csproj", "{7335E57A-3253-4390-AA4B-C10B300CCB64}"
EndProject
Global
	GlobalSection(SolutionConfigurationPlatforms) = preSolution
		Debug|Any CPU = Debug|Any CPU
		Release|Any CPU = Release|Any CPU
	EndGlobalSection
	GlobalSection(ProjectConfigurationPlatforms) = postSolution
		{7D50471B-721D-491C-9E35-F905E1C3861A}.Debug|Any CPU.ActiveCfg = Debug|Any CPU
		{7D50471B-721D-491C-9E35-F905E1C3861A}.Debug|Any CPU.Build.0 = Debug|Any CPU
		{7D50471B-721D-491C-9E35-F905E1C3861A}.Release|Any CPU.ActiveCfg = Release|Any CPU
		{7D50471B-721D-491C-9E35-F905E1C3861A}.Release|Any CPU.Build.0 = Release|Any CPU
		{7335E57A-3253-4390-AA4B-C10B300CCB64}.Debug|Any CPU.ActiveCfg = Debug|Any CPU
		{7335E57A-3253-4390-AA4B-C10B300CCB64}.Debug|Any CPU.Build.0 = Debug|Any CPU
		{7335E57A-3253-4390-AA4B-C10B300CCB64}.Release|Any CPU.ActiveCfg = Release|Any CPU
		{7335E57A-3253-4390-AA4B-C10B300CCB64}.Release|Any CPU.Build.0 = Release|Any CPU
	EndGlobalSection
	GlobalSection(SolutionProperties) = preSolution
		HideSolutionNode = FALSE
	EndGlobalSection
EndGlobal
